# THIS IS AN AUTOGENERATED FILE. DO NOT EDIT THIS FILE DIRECTLY.
# yarn lockfile v1


numeric-keyboard@^0.7.0:
  version "0.7.0"
  resolved "https://registry.yarnpkg.com/numeric-keyboard/-/numeric-keyboard-0.7.0.tgz#0355d229846798dd8a9cd573c5c0ecc188a64a66"
  integrity sha512-V4xdt0yu8JT6pbMlnBE3MU9yWui3HitaeSD+32/F8iz5sPdeuyzYgvBFFmrwAh7a4VFVO/OOSuyVMLEuR6nu6Q==
